
Microsoft Visual Studio Solution File, Format Version 12.00
# Visual Studio Version 16
VisualStudioVersion = 16.0.32510.428
MinimumVisualStudioVersion = 10.0.40219.1
Project("{9A19103F-16F7-4668-BE54-9A1E7A4F7556}") = "PomodoroTimerDesktop", "PomodoroTimerDesktop\PomodoroTimerDesktop.csproj", "{1956D643-377B-4219-B729-4E196F060F1C}"
EndProject
Project("{2150E333-8FDC-42A3-9474-1A3956D46DE8}") = "Domain", "Domain", "{1CDD9F1D-ABF0-4D6D-B3AA-F41724777260}"
EndProject
Project("{FAE04EC0-301F-11D3-BF4B-00C04F79EFBC}") = "Domain", "Domain\Domain.csproj", "{9323F76F-691E-4149-B757-E5F44DEDE7A7}"
EndProject
Global
	GlobalSection(SolutionConfigurationPlatforms) = preSolution
		Debug|Any CPU = Debug|Any CPU
		Release|Any CPU = Release|Any CPU
	EndGlobalSection
	GlobalSection(ProjectConfigurationPlatforms) = postSolution
		{1956D643-377B-4219-B729-4E196F060F1C}.Debug|Any CPU.ActiveCfg = Debug|Any CPU
		{1956D643-377B-4219-B729-4E196F060F1C}.Debug|Any CPU.Build.0 = Debug|Any CPU
		{1956D643-377B-4219-B729-4E196F060F1C}.Release|Any CPU.ActiveCfg = Release|Any CPU
		{1956D643-377B-4219-B729-4E196F060F1C}.Release|Any CPU.Build.0 = Release|Any CPU
		{9323F76F-691E-4149-B757-E5F44DEDE7A7}.Debug|Any CPU.ActiveCfg = Debug|Any CPU
		{9323F76F-691E-4149-B757-E5F44DEDE7A7}.Debug|Any CPU.Build.0 = Debug|Any CPU
		{9323F76F-691E-4149-B757-E5F44DEDE7A7}.Release|Any CPU.ActiveCfg = Release|Any CPU
		{9323F76F-691E-4149-B757-E5F44DEDE7A7}.Release|Any CPU.Build.0 = Release|Any CPU
	EndGlobalSection
	GlobalSection(SolutionProperties) = preSolution
		HideSolutionNode = FALSE
	EndGlobalSection
	GlobalSection(NestedProjects) = preSolution
		{9323F76F-691E-4149-B757-E5F44DEDE7A7} = {1CDD9F1D-ABF0-4D6D-B3AA-F41724777260}
	EndGlobalSection
	GlobalSection(ExtensibilityGlobals) = postSolution
		SolutionGuid = {92BD9765-CFE3-45FD-9EC8-B52BB0051B4E}
	EndGlobalSection
EndGlobal
